
Microsoft Visual Studio Solution File, Format Version 12.00
# Visual Studio Version 16
VisualStudioVersion = 16.0.30523.141
MinimumVisualStudioVersion = 10.0.40219.1
Project("{8BC9CEB8-8B4A-11D0-8D11-00A0C91BC942}") = "cppLearningExercises", "cppLearningExercises\cppLearningExercises.vcxproj", "{F3A47685-C01B-4E97-8B73-A27CC3D09B9E}"
EndProject
Project("{8BC9CEB8-8B4A-11D0-8D11-00A0C91BC942}") = "cppLearningExercises_GoogleTest", "cppLearningExercises_GoogleTest\cppLearningExercises_GoogleTest.vcxproj", "{EA9DE8B9-7E05-465D-91E1-C3B8B1BDA3C9}"
EndProject
Global
	GlobalSection(SolutionConfigurationPlatforms) = preSolution
		Debug|x64 = Debug|x64
		Debug|x86 = Debug|x86
		Release|x64 = Release|x64
		Release|x86 = Release|x86
	EndGlobalSection
	GlobalSection(ProjectConfigurationPlatforms) = postSolution
		{F3A47685-C01B-4E97-8B73-A27CC3D09B9E}.Debug|x64.ActiveCfg = Debug|x64
		{F3A47685-C01B-4E97-8B73-A27CC3D09B9E}.Debug|x64.Build.0 = Debug|x64
		{F3A47685-C01B-4E97-8B73-A27CC3D09B9E}.Debug|x86.ActiveCfg = Debug|Win32
		{F3A47685-C01B-4E97-8B73-A27CC3D09B9E}.Debug|x86.Build.0 = Debug|Win32
		{F3A47685-C01B-4E97-8B73-A27CC3D09B9E}.Release|x64.ActiveCfg = Release|x64
		{F3A47685-C01B-4E97-8B73-A27CC3D09B9E}.Release|x64.Build.0 = Release|x64
		{F3A47685-C01B-4E97-8B73-A27CC3D09B9E}.Release|x86.ActiveCfg = Release|Win32
		{F3A47685-C01B-4E97-8B73-A27CC3D09B9E}.Release|x86.Build.0 = Release|Win32
		{EA9DE8B9-7E05-465D-91E1-C3B8B1BDA3C9}.Debug|x64.ActiveCfg = Debug|x64
		{EA9DE8B9-7E05-465D-91E1-C3B8B1BDA3C9}.Debug|x64.Build.0 = Debug|x64
		{EA9DE8B9-7E05-465D-91E1-C3B8B1BDA3C9}.Debug|x86.ActiveCfg = Debug|Win32
		{EA9DE8B9-7E05-465D-91E1-C3B8B1BDA3C9}.Debug|x86.Build.0 = Debug|Win32
		{EA9DE8B9-7E05-465D-91E1-C3B8B1BDA3C9}.Release|x64.ActiveCfg = Release|x64
		{EA9DE8B9-7E05-465D-91E1-C3B8B1BDA3C9}.Release|x64.Build.0 = Release|x64
		{EA9DE8B9-7E05-465D-91E1-C3B8B1BDA3C9}.Release|x86.ActiveCfg = Release|Win32
		{EA9DE8B9-7E05-465D-91E1-C3B8B1BDA3C9}.Release|x86.Build.0 = Release|Win32
	EndGlobalSection
	GlobalSection(SolutionProperties) = preSolution
		HideSolutionNode = FALSE
	EndGlobalSection
	GlobalSection(ExtensibilityGlobals) = postSolution
		SolutionGuid = {EF16EC8A-C2F3-4157-BFDC-05C3C92A4806}
	EndGlobalSection
EndGlobal
