<?xml version="1.0" encoding="utf-8"?>
<Project ToolsVersion="4.0" xmlns="http://schemas.microsoft.com/developer/msbuild/2003">
  <ItemGroup>
    <Filter Include="Source Files">
      <UniqueIdentifier>{4FC737F1-C7A5-4376-A066-2A32D752A2FF}</UniqueIdentifier>
      <Extensions>cpp;c;cc;cxx;c++;cppm;ixx;def;odl;idl;hpj;bat;asm;asmx</Extensions>
    </Filter>
    <Filter Include="Header Files">
      <UniqueIdentifier>{93995380-89BD-4b04-88EB-625FBE52EBFB}</UniqueIdentifier>
      <Extensions>h;hh;hpp;hxx;h++;hm;inl;inc;ipp;xsd</Extensions>
    </Filter>
    <Filter Include="Resource Files">
      <UniqueIdentifier>{67DA6AB6-F800-4c08-8B7A-83BB121AAD01}</UniqueIdentifier>
      <Extensions>rc;ico;cur;bmp;dlg;rc2;rct;bin;rgs;gif;jpg;jpeg;jpe;resx;tiff;tif;png;wav;mfcribbon-ms</Extensions>
    </Filter>
    <Filter Include="Header Files\Chapter 1">
      <UniqueIdentifier>{628e4d0f-2428-44f9-ae05-3a20922fc59d}</UniqueIdentifier>
    </Filter>
    <Filter Include="Source Files\Chapter 1">
      <UniqueIdentifier>{7b299898-aead-4cb3-8f84-ee410897b1a5}</UniqueIdentifier>
    </Filter>
    <Filter Include="Header Files\Chapter 2">
      <UniqueIdentifier>{2def441f-56e5-4c57-879a-6fcb428e3e79}</UniqueIdentifier>
    </Filter>
    <Filter Include="Header Files\Chapter 3">
      <UniqueIdentifier>{2bd1b26b-4fa9-47f2-a5b0-bd554b562374}</UniqueIdentifier>
    </Filter>
    <Filter Include="Source Files\Chapter 2">
      <UniqueIdentifier>{273c3747-1546-42c8-9463-fdfdd1a7223f}</UniqueIdentifier>
    </Filter>
    <Filter Include="Source Files\Chapter 3">
      <UniqueIdentifier>{c404d843-0071-4301-896b-e0838723ddf1}</UniqueIdentifier>
    </Filter>
    <Filter Include="Header Files\Chapter 4">
      <UniqueIdentifier>{c322f622-1865-40d4-b015-5a753b039b40}</UniqueIdentifier>
    </Filter>
    <Filter Include="Header Files\Chapter 5">
      <UniqueIdentifier>{088555cb-eb7b-454e-9f8d-296d0672bea3}</UniqueIdentifier>
    </Filter>
    <Filter Include="Source Files\Chapter 5">
      <UniqueIdentifier>{54247ec4-8d7a-406c-a8d1-a84e51313ea4}</UniqueIdentifier>
    </Filter>
    <Filter Include="Source Files\Chapter 4">
      <UniqueIdentifier>{2f80225e-710d-45b5-8fc9-69d60969f889}</UniqueIdentifier>
    </Filter>
    <Filter Include="Header Files\Chapter 6">
      <UniqueIdentifier>{faecb876-1c51-4233-a698-1e00f2745616}</UniqueIdentifier>
    </Filter>
    <Filter Include="Source Files\Chapter 6">
      <UniqueIdentifier>{4e5c6518-f9ad-4f9d-9e2a-9b91024c016f}</UniqueIdentifier>
    </Filter>
    <Filter Include="Header Files\Chapter 7">
      <UniqueIdentifier>{2fb8ee47-3e68-489d-83e8-fe7361c0c7d4}</UniqueIdentifier>
    </Filter>
    <Filter Include="Header Files\Chapter 8">
      <UniqueIdentifier>{1c88f0a5-67c7-4999-b26b-f9a96edd6e51}</UniqueIdentifier>
    </Filter>
    <Filter Include="Source Files\Chapter 7">
      <UniqueIdentifier>{640307a0-154d-4508-82bf-35ea6bfb816a}</UniqueIdentifier>
    </Filter>
    <Filter Include="Source Files\Chapter8">
      <UniqueIdentifier>{6632c78a-c915-4028-9380-9ff6be5de6c1}</UniqueIdentifier>
    </Filter>
  </ItemGroup>
  <ItemGroup>
    <ClCompile Include="Main.cpp">
      <Filter>Source Files</Filter>
    </ClCompile>
    <ClCompile Include="Chapter1Helper.cpp">
      <Filter>Source Files\Chapter 1</Filter>
    </ClCompile>
    <ClCompile Include="Chapter2Helper.cpp">
      <Filter>Source Files\Chapter 2</Filter>
    </ClCompile>
    <ClCompile Include="Chapter3Helper.cpp">
      <Filter>Source Files\Chapter 3</Filter>
    </ClCompile>
    <ClCompile Include="Chapter4Helper.cpp">
      <Filter>Source Files\Chapter 4</Filter>
    </ClCompile>
    <ClCompile Include="Chapter5Helper.cpp">
      <Filter>Source Files\Chapter 5</Filter>
    </ClCompile>
    <ClCompile Include="Chapter6Helper.cpp">
      <Filter>Source Files\Chapter 6</Filter>
    </ClCompile>
    <ClCompile Include="Chapter7Helper.cpp">
      <Filter>Source Files\Chapter 7</Filter>
    </ClCompile>
    <ClCompile Include="Chapter8Helper.cpp">
      <Filter>Source Files\Chapter8</Filter>
    </ClCompile>
  </ItemGroup>
  <ItemGroup>
    <ClInclude Include="Chapter1Helper.h">
      <Filter>Header Files\Chapter 1</Filter>
    </ClInclude>
    <ClInclude Include="Chapter2Helper.h">
      <Filter>Header Files\Chapter 2</Filter>
    </ClInclude>
    <ClInclude Include="Chapter3Helper.h">
      <Filter>Header Files\Chapter 3</Filter>
    </ClInclude>
    <ClInclude Include="Chapter4Helper.h">
      <Filter>Header Files\Chapter 4</Filter>
    </ClInclude>
    <ClInclude Include="Chapter4Output.h">
      <Filter>Header Files\Chapter 4</Filter>
    </ClInclude>
    <ClInclude Include="Chapter5Output.h">
      <Filter>Header Files\Chapter 5</Filter>
    </ClInclude>
    <ClInclude Include="Chapter6Helper.h">
      <Filter>Header Files\Chapter 6</Filter>
    </ClInclude>
    <ClInclude Include="Chapter6Output.h">
      <Filter>Header Files\Chapter 6</Filter>
    </ClInclude>
    <ClInclude Include="Chapter7Helper.h">
      <Filter>Header Files\Chapter 7</Filter>
    </ClInclude>
    <ClInclude Include="Chapter7Output.h">
      <Filter>Header Files\Chapter 7</Filter>
    </ClInclude>
    <ClInclude Include="Chapter5Helper.h">
      <Filter>Header Files\Chapter 5</Filter>
    </ClInclude>
    <ClInclude Include="Chapter8Helper.h">
      <Filter>Header Files\Chapter 8</Filter>
    </ClInclude>
    <ClInclude Include="Chapter8Output.h">
      <Filter>Header Files\Chapter 8</Filter>
    </ClInclude>
  </ItemGroup>
</Project>